
Microsoft Visual Studio Solution File, Format Version 12.00
# Visual Studio 15
VisualStudioVersion = 15.0.28307.438
MinimumVisualStudioVersion = 10.0.40219.1
Project("{8BC9CEB8-8B4A-11D0-8D11-00A0C91BC942}") = "[编程题]解读密码", "[编程题]解读密码\[编程题]解读密码.vcxproj", "{56DB4C1D-D6D6-44A5-A094-F7411DA2FA34}"
EndProject
Global
	GlobalSection(SolutionConfigurationPlatforms) = preSolution
		Debug|x64 = Debug|x64
		Debug|x86 = Debug|x86
		Release|x64 = Release|x64
		Release|x86 = Release|x86
	EndGlobalSection
	GlobalSection(ProjectConfigurationPlatforms) = postSolution
		{56DB4C1D-D6D6-44A5-A094-F7411DA2FA34}.Debug|x64.ActiveCfg = Debug|x64
		{56DB4C1D-D6D6-44A5-A094-F7411DA2FA34}.Debug|x64.Build.0 = Debug|x64
		{56DB4C1D-D6D6-44A5-A094-F7411DA2FA34}.Debug|x86.ActiveCfg = Debug|Win32
		{56DB4C1D-D6D6-44A5-A094-F7411DA2FA34}.Debug|x86.Build.0 = Debug|Win32
		{56DB4C1D-D6D6-44A5-A094-F7411DA2FA34}.Release|x64.ActiveCfg = Release|x64
		{56DB4C1D-D6D6-44A5-A094-F7411DA2FA34}.Release|x64.Build.0 = Release|x64
		{56DB4C1D-D6D6-44A5-A094-F7411DA2FA34}.Release|x86.ActiveCfg = Release|Win32
		{56DB4C1D-D6D6-44A5-A094-F7411DA2FA34}.Release|x86.Build.0 = Release|Win32
	EndGlobalSection
	GlobalSection(SolutionProperties) = preSolution
		HideSolutionNode = FALSE
	EndGlobalSection
	GlobalSection(ExtensibilityGlobals) = postSolution
		SolutionGuid = {48C0748F-281C-4D7C-8ED4-E967EC83A6FB}
	EndGlobalSection
EndGlobal
