
Microsoft Visual Studio Solution File, Format Version 12.00
# Visual Studio 15
VisualStudioVersion = 15.0.28307.438
MinimumVisualStudioVersion = 10.0.40219.1
Project("{8BC9CEB8-8B4A-11D0-8D11-00A0C91BC942}") = "矩形草地", "矩形草地\矩形草地.vcxproj", "{47487305-5918-4B20-965B-FDE30801D7B4}"
EndProject
Global
	GlobalSection(SolutionConfigurationPlatforms) = preSolution
		Debug|x64 = Debug|x64
		Debug|x86 = Debug|x86
		Release|x64 = Release|x64
		Release|x86 = Release|x86
	EndGlobalSection
	GlobalSection(ProjectConfigurationPlatforms) = postSolution
		{47487305-5918-4B20-965B-FDE30801D7B4}.Debug|x64.ActiveCfg = Debug|x64
		{47487305-5918-4B20-965B-FDE30801D7B4}.Debug|x64.Build.0 = Debug|x64
		{47487305-5918-4B20-965B-FDE30801D7B4}.Debug|x86.ActiveCfg = Debug|Win32
		{47487305-5918-4B20-965B-FDE30801D7B4}.Debug|x86.Build.0 = Debug|Win32
		{47487305-5918-4B20-965B-FDE30801D7B4}.Release|x64.ActiveCfg = Release|x64
		{47487305-5918-4B20-965B-FDE30801D7B4}.Release|x64.Build.0 = Release|x64
		{47487305-5918-4B20-965B-FDE30801D7B4}.Release|x86.ActiveCfg = Release|Win32
		{47487305-5918-4B20-965B-FDE30801D7B4}.Release|x86.Build.0 = Release|Win32
	EndGlobalSection
	GlobalSection(SolutionProperties) = preSolution
		HideSolutionNode = FALSE
	EndGlobalSection
	GlobalSection(ExtensibilityGlobals) = postSolution
		SolutionGuid = {EF67D4B7-6EB7-4A1B-A945-FA61B82D2564}
	EndGlobalSection
EndGlobal
